
Microsoft Visual Studio Solution File, Format Version 12.00
# Visual Studio Version 17
VisualStudioVersion = 17.5.002.0
MinimumVisualStudioVersion = 10.0.40219.1
Project("{2150E333-8FDC-42A3-9474-1A3956D46DE8}") = "sandbox", "sandbox", "{EF232ED7-D31F-43A7-A1E1-9349A4AC8168}"
EndProject
Project("{9A19103F-16F7-4668-BE54-9A1E7A4F7556}") = "sandbox_project", "sandbox\sandbox_project\sandbox_project.csproj", "{CE158E33-DF1A-4C10-B79E-D314F55F324C}"
EndProject
Project("{2150E333-8FDC-42A3-9474-1A3956D46DE8}") = "week01", "week01", "{FB0EFC7F-F4CB-4A28-99C2-DA7F5CA05632}"
EndProject
Project("{9A19103F-16F7-4668-BE54-9A1E7A4F7556}") = "analyze", "week01\analyze\analyze.csproj", "{F5F7DBD6-01BD-44B2-9B43-29F9B0462381}"
EndProject
Project("{9A19103F-16F7-4668-BE54-9A1E7A4F7556}") = "code", "week01\code\code.csproj", "{59E7C81B-7FBD-47EB-BE28-74D9074EC166}"
EndProject
Project("{9A19103F-16F7-4668-BE54-9A1E7A4F7556}") = "teach", "week01\teach\teach.csproj", "{3D186EB4-4823-49EF-835C-49FA546EA2A1}"
EndProject
Project("{2150E333-8FDC-42A3-9474-1A3956D46DE8}") = "week02", "week02", "{BF227ED5-ABFF-4F72-8655-474B69397B12}"
EndProject
Project("{9A19103F-16F7-4668-BE54-9A1E7A4F7556}") = "analyze", "week02\analyze\analyze.csproj", "{82CAC1BF-081C-4EFE-9AE7-8B5D00DE5738}"
EndProject
Project("{9A19103F-16F7-4668-BE54-9A1E7A4F7556}") = "code", "week02\code\code.csproj", "{8B238790-1885-4C33-BF21-42EA4375BA84}"
EndProject
Project("{9A19103F-16F7-4668-BE54-9A1E7A4F7556}") = "learn", "week02\learn\learn.csproj", "{1D11A1C1-4297-4959-8E79-9788321B3E77}"
EndProject
Project("{9A19103F-16F7-4668-BE54-9A1E7A4F7556}") = "teach", "week02\teach\teach.csproj", "{6E8DEE05-78EA-4681-AB26-7FA264B8A3A0}"
EndProject
Project("{2150E333-8FDC-42A3-9474-1A3956D46DE8}") = "week03", "week03", "{EFB4F0B5-488C-4C50-9384-A882BFF114A8}"
EndProject
Project("{9A19103F-16F7-4668-BE54-9A1E7A4F7556}") = "code", "week03\code\code.csproj", "{74F0A73F-3F5A-41E4-A890-E4BA5E8CB945}"
EndProject
Project("{9A19103F-16F7-4668-BE54-9A1E7A4F7556}") = "learn", "week03\learn\learn.csproj", "{06CB1BB1-F5ED-45F3-8AAC-1494D77BF585}"
EndProject
Project("{9A19103F-16F7-4668-BE54-9A1E7A4F7556}") = "teach", "week03\teach\teach.csproj", "{4AF0BAA2-9768-43BB-9802-C72AFA3C3378}"
EndProject
Project("{2150E333-8FDC-42A3-9474-1A3956D46DE8}") = "week04", "week04", "{32A0D06C-29A0-469B-B750-EE3FA9039758}"
EndProject
Project("{9A19103F-16F7-4668-BE54-9A1E7A4F7556}") = "code", "week04\code\code.csproj", "{597B00A9-A4E4-4AA7-9128-00D7C816E4A0}"
EndProject
Project("{2150E333-8FDC-42A3-9474-1A3956D46DE8}") = "week05", "week05", "{3BE29DC4-7B6A-4ED8-9173-4924243A63D5}"
EndProject
Project("{9A19103F-16F7-4668-BE54-9A1E7A4F7556}") = "code", "week05\code\code.csproj", "{AC3D4433-AF0A-4AE9-8F0F-4E0077256650}"
EndProject
Project("{2150E333-8FDC-42A3-9474-1A3956D46DE8}") = "week06", "week06", "{FD18EFA5-993B-4916-B46D-986F2C9BBFCE}"
EndProject
Project("{9A19103F-16F7-4668-BE54-9A1E7A4F7556}") = "code", "week06\code\code.csproj", "{5098AC92-DB4F-4F45-9ED7-5ECA587A877D}"
EndProject
Global
	GlobalSection(SolutionConfigurationPlatforms) = preSolution
		Debug|Any CPU = Debug|Any CPU
		Release|Any CPU = Release|Any CPU
	EndGlobalSection
	GlobalSection(ProjectConfigurationPlatforms) = postSolution
		{CE158E33-DF1A-4C10-B79E-D314F55F324C}.Debug|Any CPU.ActiveCfg = Debug|Any CPU
		{CE158E33-DF1A-4C10-B79E-D314F55F324C}.Debug|Any CPU.Build.0 = Debug|Any CPU
		{CE158E33-DF1A-4C10-B79E-D314F55F324C}.Release|Any CPU.ActiveCfg = Release|Any CPU
		{CE158E33-DF1A-4C10-B79E-D314F55F324C}.Release|Any CPU.Build.0 = Release|Any CPU
		{F5F7DBD6-01BD-44B2-9B43-29F9B0462381}.Debug|Any CPU.ActiveCfg = Debug|Any CPU
		{F5F7DBD6-01BD-44B2-9B43-29F9B0462381}.Debug|Any CPU.Build.0 = Debug|Any CPU
		{F5F7DBD6-01BD-44B2-9B43-29F9B0462381}.Release|Any CPU.ActiveCfg = Release|Any CPU
		{F5F7DBD6-01BD-44B2-9B43-29F9B0462381}.Release|Any CPU.Build.0 = Release|Any CPU
		{59E7C81B-7FBD-47EB-BE28-74D9074EC166}.Debug|Any CPU.ActiveCfg = Debug|Any CPU
		{59E7C81B-7FBD-47EB-BE28-74D9074EC166}.Debug|Any CPU.Build.0 = Debug|Any CPU
		{59E7C81B-7FBD-47EB-BE28-74D9074EC166}.Release|Any CPU.ActiveCfg = Release|Any CPU
		{59E7C81B-7FBD-47EB-BE28-74D9074EC166}.Release|Any CPU.Build.0 = Release|Any CPU
		{3D186EB4-4823-49EF-835C-49FA546EA2A1}.Debug|Any CPU.ActiveCfg = Debug|Any CPU
		{3D186EB4-4823-49EF-835C-49FA546EA2A1}.Debug|Any CPU.Build.0 = Debug|Any CPU
		{3D186EB4-4823-49EF-835C-49FA546EA2A1}.Release|Any CPU.ActiveCfg = Release|Any CPU
		{3D186EB4-4823-49EF-835C-49FA546EA2A1}.Release|Any CPU.Build.0 = Release|Any CPU
		{82CAC1BF-081C-4EFE-9AE7-8B5D00DE5738}.Debug|Any CPU.ActiveCfg = Debug|Any CPU
		{82CAC1BF-081C-4EFE-9AE7-8B5D00DE5738}.Debug|Any CPU.Build.0 = Debug|Any CPU
		{82CAC1BF-081C-4EFE-9AE7-8B5D00DE5738}.Release|Any CPU.ActiveCfg = Release|Any CPU
		{82CAC1BF-081C-4EFE-9AE7-8B5D00DE5738}.Release|Any CPU.Build.0 = Release|Any CPU
		{8B238790-1885-4C33-BF21-42EA4375BA84}.Debug|Any CPU.ActiveCfg = Debug|Any CPU
		{8B238790-1885-4C33-BF21-42EA4375BA84}.Debug|Any CPU.Build.0 = Debug|Any CPU
		{8B238790-1885-4C33-BF21-42EA4375BA84}.Release|Any CPU.ActiveCfg = Release|Any CPU
		{8B238790-1885-4C33-BF21-42EA4375BA84}.Release|Any CPU.Build.0 = Release|Any CPU
		{1D11A1C1-4297-4959-8E79-9788321B3E77}.Debug|Any CPU.ActiveCfg = Debug|Any CPU
		{1D11A1C1-4297-4959-8E79-9788321B3E77}.Debug|Any CPU.Build.0 = Debug|Any CPU
		{1D11A1C1-4297-4959-8E79-9788321B3E77}.Release|Any CPU.ActiveCfg = Release|Any CPU
		{1D11A1C1-4297-4959-8E79-9788321B3E77}.Release|Any CPU.Build.0 = Release|Any CPU
		{6E8DEE05-78EA-4681-AB26-7FA264B8A3A0}.Debug|Any CPU.ActiveCfg = Debug|Any CPU
		{6E8DEE05-78EA-4681-AB26-7FA264B8A3A0}.Debug|Any CPU.Build.0 = Debug|Any CPU
		{6E8DEE05-78EA-4681-AB26-7FA264B8A3A0}.Release|Any CPU.ActiveCfg = Release|Any CPU
		{6E8DEE05-78EA-4681-AB26-7FA264B8A3A0}.Release|Any CPU.Build.0 = Release|Any CPU
		{74F0A73F-3F5A-41E4-A890-E4BA5E8CB945}.Debug|Any CPU.ActiveCfg = Debug|Any CPU
		{74F0A73F-3F5A-41E4-A890-E4BA5E8CB945}.Debug|Any CPU.Build.0 = Debug|Any CPU
		{74F0A73F-3F5A-41E4-A890-E4BA5E8CB945}.Release|Any CPU.ActiveCfg = Release|Any CPU
		{74F0A73F-3F5A-41E4-A890-E4BA5E8CB945}.Release|Any CPU.Build.0 = Release|Any CPU
		{06CB1BB1-F5ED-45F3-8AAC-1494D77BF585}.Debug|Any CPU.ActiveCfg = Debug|Any CPU
		{06CB1BB1-F5ED-45F3-8AAC-1494D77BF585}.Debug|Any CPU.Build.0 = Debug|Any CPU
		{06CB1BB1-F5ED-45F3-8AAC-1494D77BF585}.Release|Any CPU.ActiveCfg = Release|Any CPU
		{06CB1BB1-F5ED-45F3-8AAC-1494D77BF585}.Release|Any CPU.Build.0 = Release|Any CPU
		{4AF0BAA2-9768-43BB-9802-C72AFA3C3378}.Debug|Any CPU.ActiveCfg = Debug|Any CPU
		{4AF0BAA2-9768-43BB-9802-C72AFA3C3378}.Debug|Any CPU.Build.0 = Debug|Any CPU
		{4AF0BAA2-9768-43BB-9802-C72AFA3C3378}.Release|Any CPU.ActiveCfg = Release|Any CPU
		{4AF0BAA2-9768-43BB-9802-C72AFA3C3378}.Release|Any CPU.Build.0 = Release|Any CPU
		{597B00A9-A4E4-4AA7-9128-00D7C816E4A0}.Debug|Any CPU.ActiveCfg = Debug|Any CPU
		{597B00A9-A4E4-4AA7-9128-00D7C816E4A0}.Debug|Any CPU.Build.0 = Debug|Any CPU
		{597B00A9-A4E4-4AA7-9128-00D7C816E4A0}.Release|Any CPU.ActiveCfg = Release|Any CPU
		{597B00A9-A4E4-4AA7-9128-00D7C816E4A0}.Release|Any CPU.Build.0 = Release|Any CPU
		{AC3D4433-AF0A-4AE9-8F0F-4E0077256650}.Debug|Any CPU.ActiveCfg = Debug|Any CPU
		{AC3D4433-AF0A-4AE9-8F0F-4E0077256650}.Debug|Any CPU.Build.0 = Debug|Any CPU
		{AC3D4433-AF0A-4AE9-8F0F-4E0077256650}.Release|Any CPU.ActiveCfg = Release|Any CPU
		{AC3D4433-AF0A-4AE9-8F0F-4E0077256650}.Release|Any CPU.Build.0 = Release|Any CPU
		{5098AC92-DB4F-4F45-9ED7-5ECA587A877D}.Debug|Any CPU.ActiveCfg = Debug|Any CPU
		{5098AC92-DB4F-4F45-9ED7-5ECA587A877D}.Debug|Any CPU.Build.0 = Debug|Any CPU
		{5098AC92-DB4F-4F45-9ED7-5ECA587A877D}.Release|Any CPU.ActiveCfg = Release|Any CPU
		{5098AC92-DB4F-4F45-9ED7-5ECA587A877D}.Release|Any CPU.Build.0 = Release|Any CPU
	EndGlobalSection
	GlobalSection(SolutionProperties) = preSolution
		HideSolutionNode = FALSE
	EndGlobalSection
	GlobalSection(NestedProjects) = preSolution
		{CE158E33-DF1A-4C10-B79E-D314F55F324C} = {EF232ED7-D31F-43A7-A1E1-9349A4AC8168}
		{F5F7DBD6-01BD-44B2-9B43-29F9B0462381} = {FB0EFC7F-F4CB-4A28-99C2-DA7F5CA05632}
		{59E7C81B-7FBD-47EB-BE28-74D9074EC166} = {FB0EFC7F-F4CB-4A28-99C2-DA7F5CA05632}
		{3D186EB4-4823-49EF-835C-49FA546EA2A1} = {FB0EFC7F-F4CB-4A28-99C2-DA7F5CA05632}
		{82CAC1BF-081C-4EFE-9AE7-8B5D00DE5738} = {BF227ED5-ABFF-4F72-8655-474B69397B12}
		{8B238790-1885-4C33-BF21-42EA4375BA84} = {BF227ED5-ABFF-4F72-8655-474B69397B12}
		{1D11A1C1-4297-4959-8E79-9788321B3E77} = {BF227ED5-ABFF-4F72-8655-474B69397B12}
		{6E8DEE05-78EA-4681-AB26-7FA264B8A3A0} = {BF227ED5-ABFF-4F72-8655-474B69397B12}
		{74F0A73F-3F5A-41E4-A890-E4BA5E8CB945} = {EFB4F0B5-488C-4C50-9384-A882BFF114A8}
		{06CB1BB1-F5ED-45F3-8AAC-1494D77BF585} = {EFB4F0B5-488C-4C50-9384-A882BFF114A8}
		{4AF0BAA2-9768-43BB-9802-C72AFA3C3378} = {EFB4F0B5-488C-4C50-9384-A882BFF114A8}
		{597B00A9-A4E4-4AA7-9128-00D7C816E4A0} = {32A0D06C-29A0-469B-B750-EE3FA9039758}
		{AC3D4433-AF0A-4AE9-8F0F-4E0077256650} = {3BE29DC4-7B6A-4ED8-9173-4924243A63D5}
		{5098AC92-DB4F-4F45-9ED7-5ECA587A877D} = {FD18EFA5-993B-4916-B46D-986F2C9BBFCE}
	EndGlobalSection
	GlobalSection(ExtensibilityGlobals) = postSolution
		SolutionGuid = {16210D47-0ABD-489E-B142-4030505133B4}
	EndGlobalSection
EndGlobal
